
Microsoft Visual Studio Solution File, Format Version 12.00
# Visual Studio 15
VisualStudioVersion = 15.0.27004.2002
MinimumVisualStudioVersion = 10.0.40219.1
Project("{FAE04EC0-301F-11D3-BF4B-00C04F79EFBC}") = "Accauntant Calculator", "Accauntant Calculator\Accauntant Calculator.csproj", "{FE24A449-DD3C-44F6-B7D4-0B663BE52723}"
EndProject
Global
	GlobalSection(SolutionConfigurationPlatforms) = preSolution
		Debug|Any CPU = Debug|Any CPU
		Release|Any CPU = Release|Any CPU
	EndGlobalSection
	GlobalSection(ProjectConfigurationPlatforms) = postSolution
		{FE24A449-DD3C-44F6-B7D4-0B663BE52723}.Debug|Any CPU.ActiveCfg = Debug|Any CPU
		{FE24A449-DD3C-44F6-B7D4-0B663BE52723}.Debug|Any CPU.Build.0 = Debug|Any CPU
		{FE24A449-DD3C-44F6-B7D4-0B663BE52723}.Release|Any CPU.ActiveCfg = Release|Any CPU
		{FE24A449-DD3C-44F6-B7D4-0B663BE52723}.Release|Any CPU.Build.0 = Release|Any CPU
	EndGlobalSection
	GlobalSection(SolutionProperties) = preSolution
		HideSolutionNode = FALSE
	EndGlobalSection
	GlobalSection(ExtensibilityGlobals) = postSolution
		SolutionGuid = {5D6D5671-5743-490C-8B3B-6FE5362C8B8F}
	EndGlobalSection
EndGlobal
